
Microsoft Visual Studio Solution File, Format Version 12.00
# Visual Studio Version 16
VisualStudioVersion = 16.0.29306.81
MinimumVisualStudioVersion = 10.0.40219.1
Project("{FAE04EC0-301F-11D3-BF4B-00C04F79EFBC}") = "Bac2Q2UserControlGraphique", "Bac2Q2UserControlGraphique\Bac2Q2UserControlGraphique.csproj", "{75DD3EF9-916F-4C4F-869E-BA6D4E2A5884}"
EndProject
Global
	GlobalSection(SolutionConfigurationPlatforms) = preSolution
		Debug|Any CPU = Debug|Any CPU
		Release|Any CPU = Release|Any CPU
	EndGlobalSection
	GlobalSection(ProjectConfigurationPlatforms) = postSolution
		{75DD3EF9-916F-4C4F-869E-BA6D4E2A5884}.Debug|Any CPU.ActiveCfg = Debug|Any CPU
		{75DD3EF9-916F-4C4F-869E-BA6D4E2A5884}.Debug|Any CPU.Build.0 = Debug|Any CPU
		{75DD3EF9-916F-4C4F-869E-BA6D4E2A5884}.Release|Any CPU.ActiveCfg = Release|Any CPU
		{75DD3EF9-916F-4C4F-869E-BA6D4E2A5884}.Release|Any CPU.Build.0 = Release|Any CPU
	EndGlobalSection
	GlobalSection(SolutionProperties) = preSolution
		HideSolutionNode = FALSE
	EndGlobalSection
	GlobalSection(ExtensibilityGlobals) = postSolution
		SolutionGuid = {D29418B6-7BE2-472A-A422-13A4D18DF2C2}
	EndGlobalSection
EndGlobal
